
Microsoft Visual Studio Solution File, Format Version 12.00
# Visual Studio Version 17
VisualStudioVersion = 17.1.32328.378
MinimumVisualStudioVersion = 10.0.40219.1
Project("{FAE04EC0-301F-11D3-BF4B-00C04F79EFBC}") = "Asteroids3D", "Asteroids3D\Asteroids3D.csproj", "{161477A8-7462-4C4E-8060-7965C35F8844}"
EndProject
Global
	GlobalSection(SolutionConfigurationPlatforms) = preSolution
		Debug|Any CPU = Debug|Any CPU
		Release|Any CPU = Release|Any CPU
	EndGlobalSection
	GlobalSection(ProjectConfigurationPlatforms) = postSolution
		{161477A8-7462-4C4E-8060-7965C35F8844}.Debug|Any CPU.ActiveCfg = Debug|Any CPU
		{161477A8-7462-4C4E-8060-7965C35F8844}.Debug|Any CPU.Build.0 = Debug|Any CPU
		{161477A8-7462-4C4E-8060-7965C35F8844}.Release|Any CPU.ActiveCfg = Release|Any CPU
		{161477A8-7462-4C4E-8060-7965C35F8844}.Release|Any CPU.Build.0 = Release|Any CPU
	EndGlobalSection
	GlobalSection(SolutionProperties) = preSolution
		HideSolutionNode = FALSE
	EndGlobalSection
	GlobalSection(ExtensibilityGlobals) = postSolution
		SolutionGuid = {996B03FD-3EEC-41A3-8876-B1EF734AA7D0}
	EndGlobalSection
EndGlobal
